// !$*UTF8*$!
{
	archiveVersion = 1;
	classes = {
	};
	objectVersion = 46;
	objects = {

/* Begin PBXBuildFile section */
		535B943E1F9F2D2A00E6F8C0 /* BaseViewModel.swift in Sources */ = {isa = PBXBuildFile; fileRef = 535B943D1F9F2D2A00E6F8C0 /* BaseViewModel.swift */; };
		535B94401F9F2E0300E6F8C0 /* RecommendViewModel.swift in Sources */ = {isa = PBXBuildFile; fileRef = 535B943F1F9F2E0300E6F8C0 /* RecommendViewModel.swift */; };
		535B94421F9F2E1700E6F8C0 /* GameViewModel.swift in Sources */ = {isa = PBXBuildFile; fileRef = 535B94411F9F2E1700E6F8C0 /* GameViewModel.swift */; };
		535B94441F9F2E2500E6F8C0 /* AmuseViewModel.swift in Sources */ = {isa = PBXBuildFile; fileRef = 535B94431F9F2E2500E6F8C0 /* AmuseViewModel.swift */; };
		535B94461F9F2E3300E6F8C0 /* FunnyViewModel.swift in Sources */ = {isa = PBXBuildFile; fileRef = 535B94451F9F2E3300E6F8C0 /* FunnyViewModel.swift */; };
		535B94481F9F5BB500E6F8C0 /* RecommendGameView.swift in Sources */ = {isa = PBXBuildFile; fileRef = 535B94471F9F5BB500E6F8C0 /* RecommendGameView.swift */; };
		535B944C1FA02DD400E6F8C0 /* CollectionGameCell.swift in Sources */ = {isa = PBXBuildFile; fileRef = 535B944A1FA02DD400E6F8C0 /* CollectionGameCell.swift */; };
		535B944D1FA02DD400E6F8C0 /* CollectionGameCell.xib in Resources */ = {isa = PBXBuildFile; fileRef = 535B944B1FA02DD400E6F8C0 /* CollectionGameCell.xib */; };
		535B94511FA039F400E6F8C0 /* RecommendGameView.xib in Resources */ = {isa = PBXBuildFile; fileRef = 535B94501FA039F400E6F8C0 /* RecommendGameView.xib */; };
		7266F8A61F4FF1520031F1A3 /* NetworkTools.swift in Sources */ = {isa = PBXBuildFile; fileRef = 7266F8A51F4FF1520031F1A3 /* NetworkTools.swift */; };
		7266F8A81F5014AC0031F1A3 /* AnchorModel.swift in Sources */ = {isa = PBXBuildFile; fileRef = 7266F8A71F5014AC0031F1A3 /* AnchorModel.swift */; };
		7266F8AA1F5015400031F1A3 /* BaseGameModel.swift in Sources */ = {isa = PBXBuildFile; fileRef = 7266F8A91F5015400031F1A3 /* BaseGameModel.swift */; };
		7266F8AC1F5015DC0031F1A3 /* AnchorGroup.swift in Sources */ = {isa = PBXBuildFile; fileRef = 7266F8AB1F5015DC0031F1A3 /* AnchorGroup.swift */; };
		7266F8B21F55524B0031F1A3 /* CollectionBaseCell.swift in Sources */ = {isa = PBXBuildFile; fileRef = 7266F8AD1F55524B0031F1A3 /* CollectionBaseCell.swift */; };
		7266F8B31F55524B0031F1A3 /* CollectionNormalCell.swift in Sources */ = {isa = PBXBuildFile; fileRef = 7266F8AE1F55524B0031F1A3 /* CollectionNormalCell.swift */; };
		7266F8B41F55524B0031F1A3 /* CollectionNormalCell.xib in Resources */ = {isa = PBXBuildFile; fileRef = 7266F8AF1F55524B0031F1A3 /* CollectionNormalCell.xib */; };
		7266F8B51F55524B0031F1A3 /* CollectionPrettyCell.swift in Sources */ = {isa = PBXBuildFile; fileRef = 7266F8B01F55524B0031F1A3 /* CollectionPrettyCell.swift */; };
		7266F8B61F55524B0031F1A3 /* CollectionPrettyCell.xib in Resources */ = {isa = PBXBuildFile; fileRef = 7266F8B11F55524B0031F1A3 /* CollectionPrettyCell.xib */; };
		7266F8B81F5558510031F1A3 /* BaseAnchorViewController.swift in Sources */ = {isa = PBXBuildFile; fileRef = 7266F8B71F5558510031F1A3 /* BaseAnchorViewController.swift */; };
		7266F8BA1F5566B80031F1A3 /* CollectionHeaderView.swift in Sources */ = {isa = PBXBuildFile; fileRef = 7266F8B91F5566B80031F1A3 /* CollectionHeaderView.swift */; };
		7266F8BC1F5566D10031F1A3 /* CollectionHeaderView.xib in Resources */ = {isa = PBXBuildFile; fileRef = 7266F8BB1F5566D10031F1A3 /* CollectionHeaderView.xib */; };
		7275B66F1F3866BA00F5016A /* PageContentView.swift in Sources */ = {isa = PBXBuildFile; fileRef = 7275B66E1F3866BA00F5016A /* PageContentView.swift */; };
		7275B6711F386AF300F5016A /* RecommendViewController.swift in Sources */ = {isa = PBXBuildFile; fileRef = 7275B6701F386AF300F5016A /* RecommendViewController.swift */; };
		7275B6731F386B0000F5016A /* GameViewController.swift in Sources */ = {isa = PBXBuildFile; fileRef = 7275B6721F386B0000F5016A /* GameViewController.swift */; };
		7275B6751F386B0C00F5016A /* AmuseViewController.swift in Sources */ = {isa = PBXBuildFile; fileRef = 7275B6741F386B0C00F5016A /* AmuseViewController.swift */; };
		7275B6771F386B1700F5016A /* FunnyViewController.swift in Sources */ = {isa = PBXBuildFile; fileRef = 7275B6761F386B1700F5016A /* FunnyViewController.swift */; };
		72961DA51F29DF86005B92DF /* PageTitleView.swift in Sources */ = {isa = PBXBuildFile; fileRef = 72961DA41F29DF86005B92DF /* PageTitleView.swift */; };
		72961DAB1F29E232005B92DF /* Commit.swift in Sources */ = {isa = PBXBuildFile; fileRef = 72961DAA1F29E232005B92DF /* Commit.swift */; };
		72961DAD1F29E33C005B92DF /* BaseViewController.swift in Sources */ = {isa = PBXBuildFile; fileRef = 72961DAC1F29E33C005B92DF /* BaseViewController.swift */; };
		7298961D1DF7A63300D7FEB2 /* AppDelegate.swift in Sources */ = {isa = PBXBuildFile; fileRef = 7298961C1DF7A63300D7FEB2 /* AppDelegate.swift */; };
		7298961F1DF7A63300D7FEB2 /* ViewController.swift in Sources */ = {isa = PBXBuildFile; fileRef = 7298961E1DF7A63300D7FEB2 /* ViewController.swift */; };
		729896241DF7A63300D7FEB2 /* Assets.xcassets in Resources */ = {isa = PBXBuildFile; fileRef = 729896231DF7A63300D7FEB2 /* Assets.xcassets */; };
		729896271DF7A63300D7FEB2 /* LaunchScreen.storyboard in Resources */ = {isa = PBXBuildFile; fileRef = 729896251DF7A63300D7FEB2 /* LaunchScreen.storyboard */; };
		72D9E2921F286FDC00FED4A4 /* MainViewController.swift in Sources */ = {isa = PBXBuildFile; fileRef = 72D9E2911F286FDC00FED4A4 /* MainViewController.swift */; };
		72D9E29B1F2870E700FED4A4 /* HomeViewController.swift in Sources */ = {isa = PBXBuildFile; fileRef = 72D9E29A1F2870E700FED4A4 /* HomeViewController.swift */; };
		72D9E2A11F287BF400FED4A4 /* Main.storyboard in Resources */ = {isa = PBXBuildFile; fileRef = 72D9E2A01F287BF400FED4A4 /* Main.storyboard */; };
		72D9E2B01F287F0100FED4A4 /* Home.storyboard in Resources */ = {isa = PBXBuildFile; fileRef = 72D9E2AF1F287F0100FED4A4 /* Home.storyboard */; };
		72D9E2B21F287F2000FED4A4 /* Profile.storyboard in Resources */ = {isa = PBXBuildFile; fileRef = 72D9E2B11F287F2000FED4A4 /* Profile.storyboard */; };
		72D9E2B41F287F3000FED4A4 /* Live.storyboard in Resources */ = {isa = PBXBuildFile; fileRef = 72D9E2B31F287F3000FED4A4 /* Live.storyboard */; };
		72D9E2B61F287F4500FED4A4 /* Follow.storyboard in Resources */ = {isa = PBXBuildFile; fileRef = 72D9E2B51F287F4500FED4A4 /* Follow.storyboard */; };
		72D9E2B91F288BF000FED4A4 /* UIBarButtonItem-Extension.swift in Sources */ = {isa = PBXBuildFile; fileRef = 72D9E2B81F288BF000FED4A4 /* UIBarButtonItem-Extension.swift */; };
		72D9E2BB1F288E5100FED4A4 /* UIColor-Extension.swift in Sources */ = {isa = PBXBuildFile; fileRef = 72D9E2BA1F288E5100FED4A4 /* UIColor-Extension.swift */; };
		72D9E2BD1F288E6600FED4A4 /* NSDate-Extension.swift in Sources */ = {isa = PBXBuildFile; fileRef = 72D9E2BC1F288E6600FED4A4 /* NSDate-Extension.swift */; };
		AE0217D449F2BD3CBCA8BD43 /* Pods_DYZB_ZW.framework in Frameworks */ = {isa = PBXBuildFile; fileRef = F38264DC9A397AC52A29A84D /* Pods_DYZB_ZW.framework */; };
/* End PBXBuildFile section */

/* Begin PBXFileReference section */
		535B943D1F9F2D2A00E6F8C0 /* BaseViewModel.swift */ = {isa = PBXFileReference; lastKnownFileType = sourcecode.swift; path = BaseViewModel.swift; sourceTree = "<group>"; };
		535B943F1F9F2E0300E6F8C0 /* RecommendViewModel.swift */ = {isa = PBXFileReference; lastKnownFileType = sourcecode.swift; path = RecommendViewModel.swift; sourceTree = "<group>"; };
		535B94411F9F2E1700E6F8C0 /* GameViewModel.swift */ = {isa = PBXFileReference; lastKnownFileType = sourcecode.swift; path = GameViewModel.swift; sourceTree = "<group>"; };
		535B94431F9F2E2500E6F8C0 /* AmuseViewModel.swift */ = {isa = PBXFileReference; lastKnownFileType = sourcecode.swift; path = AmuseViewModel.swift; sourceTree = "<group>"; };
		535B94451F9F2E3300E6F8C0 /* FunnyViewModel.swift */ = {isa = PBXFileReference; lastKnownFileType = sourcecode.swift; path = FunnyViewModel.swift; sourceTree = "<group>"; };
		535B94471F9F5BB500E6F8C0 /* RecommendGameView.swift */ = {isa = PBXFileReference; lastKnownFileType = sourcecode.swift; path = RecommendGameView.swift; sourceTree = "<group>"; };
		535B944A1FA02DD400E6F8C0 /* CollectionGameCell.swift */ = {isa = PBXFileReference; lastKnownFileType = sourcecode.swift; path = CollectionGameCell.swift; sourceTree = "<group>"; };
		535B944B1FA02DD400E6F8C0 /* CollectionGameCell.xib */ = {isa = PBXFileReference; lastKnownFileType = file.xib; path = CollectionGameCell.xib; sourceTree = "<group>"; };
		535B94501FA039F400E6F8C0 /* RecommendGameView.xib */ = {isa = PBXFileReference; lastKnownFileType = file.xib; path = RecommendGameView.xib; sourceTree = "<group>"; };
		7266F8A51F4FF1520031F1A3 /* NetworkTools.swift */ = {isa = PBXFileReference; fileEncoding = 4; lastKnownFileType = sourcecode.swift; path = NetworkTools.swift; sourceTree = "<group>"; };
		7266F8A71F5014AC0031F1A3 /* AnchorModel.swift */ = {isa = PBXFileReference; fileEncoding = 4; lastKnownFileType = sourcecode.swift; path = AnchorModel.swift; sourceTree = "<group>"; };
		7266F8A91F5015400031F1A3 /* BaseGameModel.swift */ = {isa = PBXFileReference; fileEncoding = 4; lastKnownFileType = sourcecode.swift; path = BaseGameModel.swift; sourceTree = "<group>"; };
		7266F8AB1F5015DC0031F1A3 /* AnchorGroup.swift */ = {isa = PBXFileReference; fileEncoding = 4; lastKnownFileType = sourcecode.swift; path = AnchorGroup.swift; sourceTree = "<group>"; };
		7266F8AD1F55524B0031F1A3 /* CollectionBaseCell.swift */ = {isa = PBXFileReference; fileEncoding = 4; lastKnownFileType = sourcecode.swift; path = CollectionBaseCell.swift; sourceTree = "<group>"; };
		7266F8AE1F55524B0031F1A3 /* CollectionNormalCell.swift */ = {isa = PBXFileReference; fileEncoding = 4; lastKnownFileType = sourcecode.swift; path = CollectionNormalCell.swift; sourceTree = "<group>"; };
		7266F8AF1F55524B0031F1A3 /* CollectionNormalCell.xib */ = {isa = PBXFileReference; fileEncoding = 4; lastKnownFileType = file.xib; path = CollectionNormalCell.xib; sourceTree = "<group>"; };
		7266F8B01F55524B0031F1A3 /* CollectionPrettyCell.swift */ = {isa = PBXFileReference; fileEncoding = 4; lastKnownFileType = sourcecode.swift; path = CollectionPrettyCell.swift; sourceTree = "<group>"; };
		7266F8B11F55524B0031F1A3 /* CollectionPrettyCell.xib */ = {isa = PBXFileReference; fileEncoding = 4; lastKnownFileType = file.xib; path = CollectionPrettyCell.xib; sourceTree = "<group>"; };
		7266F8B71F5558510031F1A3 /* BaseAnchorViewController.swift */ = {isa = PBXFileReference; fileEncoding = 4; lastKnownFileType = sourcecode.swift; path = BaseAnchorViewController.swift; sourceTree = "<group>"; };
		7266F8B91F5566B80031F1A3 /* CollectionHeaderView.swift */ = {isa = PBXFileReference; fileEncoding = 4; lastKnownFileType = sourcecode.swift; path = CollectionHeaderView.swift; sourceTree = "<group>"; };
		7266F8BB1F5566D10031F1A3 /* CollectionHeaderView.xib */ = {isa = PBXFileReference; fileEncoding = 4; lastKnownFileType = file.xib; path = CollectionHeaderView.xib; sourceTree = "<group>"; };
		7275B66E1F3866BA00F5016A /* PageContentView.swift */ = {isa = PBXFileReference; fileEncoding = 4; lastKnownFileType = sourcecode.swift; path = PageContentView.swift; sourceTree = "<group>"; };
		7275B6701F386AF300F5016A /* RecommendViewController.swift */ = {isa = PBXFileReference; fileEncoding = 4; lastKnownFileType = sourcecode.swift; path = RecommendViewController.swift; sourceTree = "<group>"; };
		7275B6721F386B0000F5016A /* GameViewController.swift */ = {isa = PBXFileReference; fileEncoding = 4; lastKnownFileType = sourcecode.swift; path = GameViewController.swift; sourceTree = "<group>"; };
		7275B6741F386B0C00F5016A /* AmuseViewController.swift */ = {isa = PBXFileReference; fileEncoding = 4; lastKnownFileType = sourcecode.swift; path = AmuseViewController.swift; sourceTree = "<group>"; };
		7275B6761F386B1700F5016A /* FunnyViewController.swift */ = {isa = PBXFileReference; fileEncoding = 4; lastKnownFileType = sourcecode.swift; path = FunnyViewController.swift; sourceTree = "<group>"; };
		72961DA41F29DF86005B92DF /* PageTitleView.swift */ = {isa = PBXFileReference; fileEncoding = 4; lastKnownFileType = sourcecode.swift; path = PageTitleView.swift; sourceTree = "<group>"; };
		72961DAA1F29E232005B92DF /* Commit.swift */ = {isa = PBXFileReference; fileEncoding = 4; lastKnownFileType = sourcecode.swift; path = Commit.swift; sourceTree = "<group>"; };
		72961DAC1F29E33C005B92DF /* BaseViewController.swift */ = {isa = PBXFileReference; fileEncoding = 4; lastKnownFileType = sourcecode.swift; path = BaseViewController.swift; sourceTree = "<group>"; };
		729896191DF7A63300D7FEB2 /* DYZB_ZW.app */ = {isa = PBXFileReference; explicitFileType = wrapper.application; includeInIndex = 0; path = DYZB_ZW.app; sourceTree = BUILT_PRODUCTS_DIR; };
		7298961C1DF7A63300D7FEB2 /* AppDelegate.swift */ = {isa = PBXFileReference; lastKnownFileType = sourcecode.swift; path = AppDelegate.swift; sourceTree = "<group>"; };
		7298961E1DF7A63300D7FEB2 /* ViewController.swift */ = {isa = PBXFileReference; lastKnownFileType = sourcecode.swift; path = ViewController.swift; sourceTree = "<group>"; };
		729896231DF7A63300D7FEB2 /* Assets.xcassets */ = {isa = PBXFileReference; lastKnownFileType = folder.assetcatalog; path = Assets.xcassets; sourceTree = "<group>"; };
		729896261DF7A63300D7FEB2 /* Base */ = {isa = PBXFileReference; lastKnownFileType = file.storyboard; name = Base; path = Base.lproj/LaunchScreen.storyboard; sourceTree = "<group>"; };
		729896281DF7A63300D7FEB2 /* Info.plist */ = {isa = PBXFileReference; lastKnownFileType = text.plist.xml; path = Info.plist; sourceTree = "<group>"; };
		72D9E2911F286FDC00FED4A4 /* MainViewController.swift */ = {isa = PBXFileReference; fileEncoding = 4; lastKnownFileType = sourcecode.swift; path = MainViewController.swift; sourceTree = "<group>"; };
		72D9E29A1F2870E700FED4A4 /* HomeViewController.swift */ = {isa = PBXFileReference; fileEncoding = 4; lastKnownFileType = sourcecode.swift; path = HomeViewController.swift; sourceTree = "<group>"; };
		72D9E2A01F287BF400FED4A4 /* Main.storyboard */ = {isa = PBXFileReference; fileEncoding = 4; lastKnownFileType = file.storyboard; path = Main.storyboard; sourceTree = "<group>"; };
		72D9E2AF1F287F0100FED4A4 /* Home.storyboard */ = {isa = PBXFileReference; fileEncoding = 4; lastKnownFileType = file.storyboard; path = Home.storyboard; sourceTree = "<group>"; };
		72D9E2B11F287F2000FED4A4 /* Profile.storyboard */ = {isa = PBXFileReference; fileEncoding = 4; lastKnownFileType = file.storyboard; path = Profile.storyboard; sourceTree = "<group>"; };
		72D9E2B31F287F3000FED4A4 /* Live.storyboard */ = {isa = PBXFileReference; fileEncoding = 4; lastKnownFileType = file.storyboard; path = Live.storyboard; sourceTree = "<group>"; };
		72D9E2B51F287F4500FED4A4 /* Follow.storyboard */ = {isa = PBXFileReference; fileEncoding = 4; lastKnownFileType = file.storyboard; path = Follow.storyboard; sourceTree = "<group>"; };
		72D9E2B81F288BF000FED4A4 /* UIBarButtonItem-Extension.swift */ = {isa = PBXFileReference; fileEncoding = 4; lastKnownFileType = sourcecode.swift; path = "UIBarButtonItem-Extension.swift"; sourceTree = "<group>"; };
		72D9E2BA1F288E5100FED4A4 /* UIColor-Extension.swift */ = {isa = PBXFileReference; fileEncoding = 4; lastKnownFileType = sourcecode.swift; path = "UIColor-Extension.swift"; sourceTree = "<group>"; };
		72D9E2BC1F288E6600FED4A4 /* NSDate-Extension.swift */ = {isa = PBXFileReference; fileEncoding = 4; lastKnownFileType = sourcecode.swift; path = "NSDate-Extension.swift"; sourceTree = "<group>"; };
		96F642FF3DE59CAE9EEC715B /* Pods-DYZB_ZW.debug.xcconfig */ = {isa = PBXFileReference; includeInIndex = 1; lastKnownFileType = text.xcconfig; name = "Pods-DYZB_ZW.debug.xcconfig"; path = "Pods/Target Support Files/Pods-DYZB_ZW/Pods-DYZB_ZW.debug.xcconfig"; sourceTree = "<group>"; };
		E6B5D22EC8CB4E98296E4E45 /* Pods-DYZB_ZW.release.xcconfig */ = {isa = PBXFileReference; includeInIndex = 1; lastKnownFileType = text.xcconfig; name = "Pods-DYZB_ZW.release.xcconfig"; path = "Pods/Target Support Files/Pods-DYZB_ZW/Pods-DYZB_ZW.release.xcconfig"; sourceTree = "<group>"; };
		F38264DC9A397AC52A29A84D /* Pods_DYZB_ZW.framework */ = {isa = PBXFileReference; explicitFileType = wrapper.framework; includeInIndex = 0; path = Pods_DYZB_ZW.framework; sourceTree = BUILT_PRODUCTS_DIR; };
/* End PBXFileReference section */

/* Begin PBXFrameworksBuildPhase section */
		729896161DF7A63300D7FEB2 /* Frameworks */ = {
			isa = PBXFrameworksBuildPhase;
			buildActionMask = 2147483647;
			files = (
				AE0217D449F2BD3CBCA8BD43 /* Pods_DYZB_ZW.framework in Frameworks */,
			);
			runOnlyForDeploymentPostprocessing = 0;
		};
/* End PBXFrameworksBuildPhase section */

/* Begin PBXGroup section */
		1574068C9A782E6DD538D1B4 /* Pods */ = {
			isa = PBXGroup;
			children = (
				96F642FF3DE59CAE9EEC715B /* Pods-DYZB_ZW.debug.xcconfig */,
				E6B5D22EC8CB4E98296E4E45 /* Pods-DYZB_ZW.release.xcconfig */,
			);
			name = Pods;
			sourceTree = "<group>";
		};
		362B61F7648CD3E897FA4978 /* Frameworks */ = {
			isa = PBXGroup;
			children = (
				F38264DC9A397AC52A29A84D /* Pods_DYZB_ZW.framework */,
			);
			name = Frameworks;
			sourceTree = "<group>";
		};
		5384AC031F9F13E400F3F347 /* ViewModel */ = {
			isa = PBXGroup;
			children = (
				535B943F1F9F2E0300E6F8C0 /* RecommendViewModel.swift */,
				535B94411F9F2E1700E6F8C0 /* GameViewModel.swift */,
				535B94431F9F2E2500E6F8C0 /* AmuseViewModel.swift */,
				535B94451F9F2E3300E6F8C0 /* FunnyViewModel.swift */,
			);
			path = ViewModel;
			sourceTree = "<group>";
		};
		5384AC051F9F145100F3F347 /* ViewModel */ = {
			isa = PBXGroup;
			children = (
				535B943D1F9F2D2A00E6F8C0 /* BaseViewModel.swift */,
			);
			path = ViewModel;
			sourceTree = "<group>";
		};
		729896101DF7A63300D7FEB2 = {
			isa = PBXGroup;
			children = (
				7298961B1DF7A63300D7FEB2 /* DYZB_ZW */,
				7298961A1DF7A63300D7FEB2 /* Products */,
				1574068C9A782E6DD538D1B4 /* Pods */,
				362B61F7648CD3E897FA4978 /* Frameworks */,
			);
			sourceTree = "<group>";
		};
		7298961A1DF7A63300D7FEB2 /* Products */ = {
			isa = PBXGroup;
			children = (
				729896191DF7A63300D7FEB2 /* DYZB_ZW.app */,
			);
			name = Products;
			sourceTree = "<group>";
		};
		7298961B1DF7A63300D7FEB2 /* DYZB_ZW */ = {
			isa = PBXGroup;
			children = (
				72D9E2701F28468C00FED4A4 /* Classes */,
				7298961C1DF7A63300D7FEB2 /* AppDelegate.swift */,
				7298961E1DF7A63300D7FEB2 /* ViewController.swift */,
				729896231DF7A63300D7FEB2 /* Assets.xcassets */,
				729896251DF7A63300D7FEB2 /* LaunchScreen.storyboard */,
				729896281DF7A63300D7FEB2 /* Info.plist */,
			);
			path = DYZB_ZW;
			sourceTree = "<group>";
		};
		72D9E2701F28468C00FED4A4 /* Classes */ = {
			isa = PBXGroup;
			children = (
				72D9E2931F28705000FED4A4 /* Home */,
				72D9E2711F28468C00FED4A4 /* Follow */,
				72D9E2761F28468C00FED4A4 /* Live */,
				72D9E27B1F28468C00FED4A4 /* Main */,
				72D9E2801F28468C00FED4A4 /* Profile */,
				72D9E2851F28468C00FED4A4 /* Room */,
				72D9E28A1F28468C00FED4A4 /* Tool */,
			);
			path = Classes;
			sourceTree = "<group>";
		};
		72D9E2711F28468C00FED4A4 /* Follow */ = {
			isa = PBXGroup;
			children = (
				72D9E2721F28468C00FED4A4 /* Controller */,
				72D9E2731F28468C00FED4A4 /* Model */,
				72D9E2741F28468C00FED4A4 /* View */,
				72D9E2751F28468C00FED4A4 /* ViewModel */,
			);
			path = Follow;
			sourceTree = "<group>";
		};
		72D9E2721F28468C00FED4A4 /* Controller */ = {
			isa = PBXGroup;
			children = (
				72D9E2B51F287F4500FED4A4 /* Follow.storyboard */,
			);
			path = Controller;
			sourceTree = "<group>";
		};
		72D9E2731F28468C00FED4A4 /* Model */ = {
			isa = PBXGroup;
			children = (
			);
			path = Model;
			sourceTree = "<group>";
		};
		72D9E2741F28468C00FED4A4 /* View */ = {
			isa = PBXGroup;
			children = (
			);
			path = View;
			sourceTree = "<group>";
		};
		72D9E2751F28468C00FED4A4 /* ViewModel */ = {
			isa = PBXGroup;
			children = (
			);
			path = ViewModel;
			sourceTree = "<group>";
		};
		72D9E2761F28468C00FED4A4 /* Live */ = {
			isa = PBXGroup;
			children = (
				72D9E2771F28468C00FED4A4 /* Controller */,
				72D9E2781F28468C00FED4A4 /* Model */,
				72D9E2791F28468C00FED4A4 /* View */,
				72D9E27A1F28468C00FED4A4 /* ViewModel */,
			);
			path = Live;
			sourceTree = "<group>";
		};
		72D9E2771F28468C00FED4A4 /* Controller */ = {
			isa = PBXGroup;
			children = (
				72D9E2B31F287F3000FED4A4 /* Live.storyboard */,
			);
			path = Controller;
			sourceTree = "<group>";
		};
		72D9E2781F28468C00FED4A4 /* Model */ = {
			isa = PBXGroup;
			children = (
			);
			path = Model;
			sourceTree = "<group>";
		};
		72D9E2791F28468C00FED4A4 /* View */ = {
			isa = PBXGroup;
			children = (
			);
			path = View;
			sourceTree = "<group>";
		};
		72D9E27A1F28468C00FED4A4 /* ViewModel */ = {
			isa = PBXGroup;
			children = (
			);
			path = ViewModel;
			sourceTree = "<group>";
		};
		72D9E27B1F28468C00FED4A4 /* Main */ = {
			isa = PBXGroup;
			children = (
				5384AC051F9F145100F3F347 /* ViewModel */,
				72D9E27C1F28468C00FED4A4 /* Controller */,
				72D9E27D1F28468C00FED4A4 /* Model */,
				72D9E27E1F28468C00FED4A4 /* View */,
			);
			path = Main;
			sourceTree = "<group>";
		};
		72D9E27C1F28468C00FED4A4 /* Controller */ = {
			isa = PBXGroup;
			children = (
				72D9E2911F286FDC00FED4A4 /* MainViewController.swift */,
				72961DAC1F29E33C005B92DF /* BaseViewController.swift */,
				72D9E2A01F287BF400FED4A4 /* Main.storyboard */,
				7266F8B71F5558510031F1A3 /* BaseAnchorViewController.swift */,
			);
			path = Controller;
			sourceTree = "<group>";
		};
		72D9E27D1F28468C00FED4A4 /* Model */ = {
			isa = PBXGroup;
			children = (
				7266F8A71F5014AC0031F1A3 /* AnchorModel.swift */,
				7266F8A91F5015400031F1A3 /* BaseGameModel.swift */,
				7266F8AB1F5015DC0031F1A3 /* AnchorGroup.swift */,
			);
			path = Model;
			sourceTree = "<group>";
		};
		72D9E27E1F28468C00FED4A4 /* View */ = {
			isa = PBXGroup;
			children = (
				72961DA41F29DF86005B92DF /* PageTitleView.swift */,
				7275B66E1F3866BA00F5016A /* PageContentView.swift */,
				7266F8AD1F55524B0031F1A3 /* CollectionBaseCell.swift */,
				7266F8AE1F55524B0031F1A3 /* CollectionNormalCell.swift */,
				7266F8AF1F55524B0031F1A3 /* CollectionNormalCell.xib */,
				7266F8B01F55524B0031F1A3 /* CollectionPrettyCell.swift */,
				7266F8B11F55524B0031F1A3 /* CollectionPrettyCell.xib */,
			);
			path = View;
			sourceTree = "<group>";
		};
		72D9E2801F28468C00FED4A4 /* Profile */ = {
			isa = PBXGroup;
			children = (
				72D9E2811F28468C00FED4A4 /* Controller */,
				72D9E2821F28468C00FED4A4 /* Model */,
				72D9E2831F28468C00FED4A4 /* View */,
				72D9E2841F28468C00FED4A4 /* ViewModel */,
			);
			path = Profile;
			sourceTree = "<group>";
		};
		72D9E2811F28468C00FED4A4 /* Controller */ = {
			isa = PBXGroup;
			children = (
				72D9E2B11F287F2000FED4A4 /* Profile.storyboard */,
			);
			path = Controller;
			sourceTree = "<group>";
		};
		72D9E2821F28468C00FED4A4 /* Model */ = {
			isa = PBXGroup;
			children = (
			);
			path = Model;
			sourceTree = "<group>";
		};
		72D9E2831F28468C00FED4A4 /* View */ = {
			isa = PBXGroup;
			children = (
			);
			path = View;
			sourceTree = "<group>";
		};
		72D9E2841F28468C00FED4A4 /* ViewModel */ = {
			isa = PBXGroup;
			children = (
			);
			path = ViewModel;
			sourceTree = "<group>";
		};
		72D9E2851F28468C00FED4A4 /* Room */ = {
			isa = PBXGroup;
			children = (
				72D9E2861F28468C00FED4A4 /* Controller */,
				72D9E2871F28468C00FED4A4 /* Model */,
				72D9E2881F28468C00FED4A4 /* View */,
				72D9E2891F28468C00FED4A4 /* ViewModel */,
			);
			path = Room;
			sourceTree = "<group>";
		};
		72D9E2861F28468C00FED4A4 /* Controller */ = {
			isa = PBXGroup;
			children = (
			);
			path = Controller;
			sourceTree = "<group>";
		};
		72D9E2871F28468C00FED4A4 /* Model */ = {
			isa = PBXGroup;
			children = (
			);
			path = Model;
			sourceTree = "<group>";
		};
		72D9E2881F28468C00FED4A4 /* View */ = {
			isa = PBXGroup;
			children = (
			);
			path = View;
			sourceTree = "<group>";
		};
		72D9E2891F28468C00FED4A4 /* ViewModel */ = {
			isa = PBXGroup;
			children = (
			);
			path = ViewModel;
			sourceTree = "<group>";
		};
		72D9E28A1F28468C00FED4A4 /* Tool */ = {
			isa = PBXGroup;
			children = (
				72D9E2B71F288B3B00FED4A4 /* Extension */,
				72961DAA1F29E232005B92DF /* Commit.swift */,
				7266F8A51F4FF1520031F1A3 /* NetworkTools.swift */,
			);
			path = Tool;
			sourceTree = "<group>";
		};
		72D9E2931F28705000FED4A4 /* Home */ = {
			isa = PBXGroup;
			children = (
				5384AC031F9F13E400F3F347 /* ViewModel */,
				72D9E2941F28705000FED4A4 /* Controller */,
				72D9E2951F28705000FED4A4 /* Model */,
				72D9E2961F28705000FED4A4 /* View */,
			);
			path = Home;
			sourceTree = "<group>";
		};
		72D9E2941F28705000FED4A4 /* Controller */ = {
			isa = PBXGroup;
			children = (
				72D9E29A1F2870E700FED4A4 /* HomeViewController.swift */,
				7275B6701F386AF300F5016A /* RecommendViewController.swift */,
				7275B6721F386B0000F5016A /* GameViewController.swift */,
				7275B6741F386B0C00F5016A /* AmuseViewController.swift */,
				7275B6761F386B1700F5016A /* FunnyViewController.swift */,
				72D9E2AF1F287F0100FED4A4 /* Home.storyboard */,
			);
			path = Controller;
			sourceTree = "<group>";
		};
		72D9E2951F28705000FED4A4 /* Model */ = {
			isa = PBXGroup;
			children = (
			);
			path = Model;
			sourceTree = "<group>";
		};
		72D9E2961F28705000FED4A4 /* View */ = {
			isa = PBXGroup;
			children = (
				7266F8B91F5566B80031F1A3 /* CollectionHeaderView.swift */,
				7266F8BB1F5566D10031F1A3 /* CollectionHeaderView.xib */,
				535B94471F9F5BB500E6F8C0 /* RecommendGameView.swift */,
				535B94501FA039F400E6F8C0 /* RecommendGameView.xib */,
				535B944A1FA02DD400E6F8C0 /* CollectionGameCell.swift */,
				535B944B1FA02DD400E6F8C0 /* CollectionGameCell.xib */,
			);
			path = View;
			sourceTree = "<group>";
		};
		72D9E2B71F288B3B00FED4A4 /* Extension */ = {
			isa = PBXGroup;
			children = (
				72D9E2B81F288BF000FED4A4 /* UIBarButtonItem-Extension.swift */,
				72D9E2BA1F288E5100FED4A4 /* UIColor-Extension.swift */,
				72D9E2BC1F288E6600FED4A4 /* NSDate-Extension.swift */,
			);
			path = Extension;
			sourceTree = "<group>";
		};
/* End PBXGroup section */

/* Begin PBXNativeTarget section */
		729896181DF7A63300D7FEB2 /* DYZB_ZW */ = {
			isa = PBXNativeTarget;
			buildConfigurationList = 7298962B1DF7A63300D7FEB2 /* Build configuration list for PBXNativeTarget "DYZB_ZW" */;
			buildPhases = (
				812FD247EA68E51AC9CED610 /* [CP] Check Pods Manifest.lock */,
				729896151DF7A63300D7FEB2 /* Sources */,
				729896161DF7A63300D7FEB2 /* Frameworks */,
				729896171DF7A63300D7FEB2 /* Resources */,
				4DD9C5FF64B702EBCED970BA /* [CP] Embed Pods Frameworks */,
				1BBC6B9D1520FB31616F2EA6 /* [CP] Copy Pods Resources */,
			);
			buildRules = (
			);
			dependencies = (
			);
			name = DYZB_ZW;
			productName = DYZB_ZW;
			productReference = 729896191DF7A63300D7FEB2 /* DYZB_ZW.app */;
			productType = "com.apple.product-type.application";
		};
/* End PBXNativeTarget section */

/* Begin PBXProject section */
		729896111DF7A63300D7FEB2 /* Project object */ = {
			isa = PBXProject;
			attributes = {
				LastSwiftUpdateCheck = 0800;
				LastUpgradeCheck = 0820;
				ORGANIZATIONNAME = jyall;
				TargetAttributes = {
					729896181DF7A63300D7FEB2 = {
						CreatedOnToolsVersion = 8.0;
						DevelopmentTeam = KVL9QB8ZBZ;
						ProvisioningStyle = Automatic;
					};
				};
			};
			buildConfigurationList = 729896141DF7A63300D7FEB2 /* Build configuration list for PBXProject "DYZB_ZW" */;
			compatibilityVersion = "Xcode 3.2";
			developmentRegion = English;
			hasScannedForEncodings = 0;
			knownRegions = (
				en,
				Base,
			);
			mainGroup = 729896101DF7A63300D7FEB2;
			productRefGroup = 7298961A1DF7A63300D7FEB2 /* Products */;
			projectDirPath = "";
			projectRoot = "";
			targets = (
				729896181DF7A63300D7FEB2 /* DYZB_ZW */,
			);
		};
/* End PBXProject section */

/* Begin PBXResourcesBuildPhase section */
		729896171DF7A63300D7FEB2 /* Resources */ = {
			isa = PBXResourcesBuildPhase;
			buildActionMask = 2147483647;
			files = (
				72D9E2B61F287F4500FED4A4 /* Follow.storyboard in Resources */,
				72D9E2A11F287BF400FED4A4 /* Main.storyboard in Resources */,
				72D9E2B21F287F2000FED4A4 /* Profile.storyboard in Resources */,
				7266F8BC1F5566D10031F1A3 /* CollectionHeaderView.xib in Resources */,
				72D9E2B41F287F3000FED4A4 /* Live.storyboard in Resources */,
				535B94511FA039F400E6F8C0 /* RecommendGameView.xib in Resources */,
				72D9E2B01F287F0100FED4A4 /* Home.storyboard in Resources */,
				729896271DF7A63300D7FEB2 /* LaunchScreen.storyboard in Resources */,
				7266F8B41F55524B0031F1A3 /* CollectionNormalCell.xib in Resources */,
				7266F8B61F55524B0031F1A3 /* CollectionPrettyCell.xib in Resources */,
				535B944D1FA02DD400E6F8C0 /* CollectionGameCell.xib in Resources */,
				729896241DF7A63300D7FEB2 /* Assets.xcassets in Resources */,
			);
			runOnlyForDeploymentPostprocessing = 0;
		};
/* End PBXResourcesBuildPhase section */

/* Begin PBXShellScriptBuildPhase section */
		1BBC6B9D1520FB31616F2EA6 /* [CP] Copy Pods Resources */ = {
			isa = PBXShellScriptBuildPhase;
			buildActionMask = 2147483647;
			files = (
			);
			inputPaths = (
			);
			name = "[CP] Copy Pods Resources";
			outputPaths = (
			);
			runOnlyForDeploymentPostprocessing = 0;
			shellPath = /bin/sh;
			shellScript = "\"${SRCROOT}/Pods/Target Support Files/Pods-DYZB_ZW/Pods-DYZB_ZW-resources.sh\"\n";
			showEnvVarsInLog = 0;
		};
		4DD9C5FF64B702EBCED970BA /* [CP] Embed Pods Frameworks */ = {
			isa = PBXShellScriptBuildPhase;
			buildActionMask = 2147483647;
			files = (
			);
			inputPaths = (
				"${SRCROOT}/Pods/Target Support Files/Pods-DYZB_ZW/Pods-DYZB_ZW-frameworks.sh",
				"${BUILT_PRODUCTS_DIR}/Alamofire/Alamofire.framework",
				"${BUILT_PRODUCTS_DIR}/Kingfisher/Kingfisher.framework",
			);
			name = "[CP] Embed Pods Frameworks";
			outputPaths = (
				"${TARGET_BUILD_DIR}/${FRAMEWORKS_FOLDER_PATH}/Alamofire.framework",
				"${TARGET_BUILD_DIR}/${FRAMEWORKS_FOLDER_PATH}/Kingfisher.framework",
			);
			runOnlyForDeploymentPostprocessing = 0;
			shellPath = /bin/sh;
			shellScript = "\"${SRCROOT}/Pods/Target Support Files/Pods-DYZB_ZW/Pods-DYZB_ZW-frameworks.sh\"\n";
			showEnvVarsInLog = 0;
		};
		812FD247EA68E51AC9CED610 /* [CP] Check Pods Manifest.lock */ = {
			isa = PBXShellScriptBuildPhase;
			buildActionMask = 2147483647;
			files = (
			);
			inputPaths = (
				"${PODS_PODFILE_DIR_PATH}/Podfile.lock",
				"${PODS_ROOT}/Manifest.lock",
			);
			name = "[CP] Check Pods Manifest.lock";
			outputPaths = (
				"$(DERIVED_FILE_DIR)/Pods-DYZB_ZW-checkManifestLockResult.txt",
			);
			runOnlyForDeploymentPostprocessing = 0;
			shellPath = /bin/sh;
			shellScript = "diff \"${PODS_PODFILE_DIR_PATH}/Podfile.lock\" \"${PODS_ROOT}/Manifest.lock\" > /dev/null\nif [ $? != 0 ] ; then\n    # print error to STDERR\n    echo \"error: The sandbox is not in sync with the Podfile.lock. Run 'pod install' or update your CocoaPods installation.\" >&2\n    exit 1\nfi\n# This output is used by Xcode 'outputs' to avoid re-running this script phase.\necho \"SUCCESS\" > \"${SCRIPT_OUTPUT_FILE_0}\"\n";
			showEnvVarsInLog = 0;
		};
/* End PBXShellScriptBuildPhase section */

/* Begin PBXSourcesBuildPhase section */
		729896151DF7A63300D7FEB2 /* Sources */ = {
			isa = PBXSourcesBuildPhase;
			buildActionMask = 2147483647;
			files = (
				7275B6751F386B0C00F5016A /* AmuseViewController.swift in Sources */,
				7266F8B31F55524B0031F1A3 /* CollectionNormalCell.swift in Sources */,
				535B94441F9F2E2500E6F8C0 /* AmuseViewModel.swift in Sources */,
				72961DAB1F29E232005B92DF /* Commit.swift in Sources */,
				72961DA51F29DF86005B92DF /* PageTitleView.swift in Sources */,
				7275B66F1F3866BA00F5016A /* PageContentView.swift in Sources */,
				7266F8B51F55524B0031F1A3 /* CollectionPrettyCell.swift in Sources */,
				535B943E1F9F2D2A00E6F8C0 /* BaseViewModel.swift in Sources */,
				72D9E2B91F288BF000FED4A4 /* UIBarButtonItem-Extension.swift in Sources */,
				7275B6731F386B0000F5016A /* GameViewController.swift in Sources */,
				535B94421F9F2E1700E6F8C0 /* GameViewModel.swift in Sources */,
				535B944C1FA02DD400E6F8C0 /* CollectionGameCell.swift in Sources */,
				535B94481F9F5BB500E6F8C0 /* RecommendGameView.swift in Sources */,
				72D9E2BB1F288E5100FED4A4 /* UIColor-Extension.swift in Sources */,
				7266F8BA1F5566B80031F1A3 /* CollectionHeaderView.swift in Sources */,
				7266F8B81F5558510031F1A3 /* BaseAnchorViewController.swift in Sources */,
				7275B6711F386AF300F5016A /* RecommendViewController.swift in Sources */,
				7266F8A61F4FF1520031F1A3 /* NetworkTools.swift in Sources */,
				7275B6771F386B1700F5016A /* FunnyViewController.swift in Sources */,
				535B94461F9F2E3300E6F8C0 /* FunnyViewModel.swift in Sources */,
				7266F8B21F55524B0031F1A3 /* CollectionBaseCell.swift in Sources */,
				72D9E2921F286FDC00FED4A4 /* MainViewController.swift in Sources */,
				72961DAD1F29E33C005B92DF /* BaseViewController.swift in Sources */,
				7266F8AA1F5015400031F1A3 /* BaseGameModel.swift in Sources */,
				72D9E2BD1F288E6600FED4A4 /* NSDate-Extension.swift in Sources */,
				7298961F1DF7A63300D7FEB2 /* ViewController.swift in Sources */,
				7298961D1DF7A63300D7FEB2 /* AppDelegate.swift in Sources */,
				72D9E29B1F2870E700FED4A4 /* HomeViewController.swift in Sources */,
				7266F8A81F5014AC0031F1A3 /* AnchorModel.swift in Sources */,
				7266F8AC1F5015DC0031F1A3 /* AnchorGroup.swift in Sources */,
				535B94401F9F2E0300E6F8C0 /* RecommendViewModel.swift in Sources */,
			);
			runOnlyForDeploymentPostprocessing = 0;
		};
/* End PBXSourcesBuildPhase section */

/* Begin PBXVariantGroup section */
		729896251DF7A63300D7FEB2 /* LaunchScreen.storyboard */ = {
			isa = PBXVariantGroup;
			children = (
				729896261DF7A63300D7FEB2 /* Base */,
			);
			name = LaunchScreen.storyboard;
			sourceTree = "<group>";
		};
/* End PBXVariantGroup section */

/* Begin XCBuildConfiguration section */
		729896291DF7A63300D7FEB2 /* Debug */ = {
			isa = XCBuildConfiguration;
			buildSettings = {
				ALWAYS_SEARCH_USER_PATHS = NO;
				CLANG_ANALYZER_NONNULL = YES;
				CLANG_CXX_LANGUAGE_STANDARD = "gnu++0x";
				CLANG_CXX_LIBRARY = "libc++";
				CLANG_ENABLE_MODULES = YES;
				CLANG_ENABLE_OBJC_ARC = YES;
				CLANG_WARN_BOOL_CONVERSION = YES;
				CLANG_WARN_CONSTANT_CONVERSION = YES;
				CLANG_WARN_DIRECT_OBJC_ISA_USAGE = YES_ERROR;
				CLANG_WARN_DOCUMENTATION_COMMENTS = YES;
				CLANG_WARN_EMPTY_BODY = YES;
				CLANG_WARN_ENUM_CONVERSION = YES;
				CLANG_WARN_INFINITE_RECURSION = YES;
				CLANG_WARN_INT_CONVERSION = YES;
				CLANG_WARN_OBJC_ROOT_CLASS = YES_ERROR;
				CLANG_WARN_SUSPICIOUS_MOVE = YES;
				CLANG_WARN_SUSPICIOUS_MOVES = YES;
				CLANG_WARN_UNREACHABLE_CODE = YES;
				CLANG_WARN__DUPLICATE_METHOD_MATCH = YES;
				"CODE_SIGN_IDENTITY[sdk=iphoneos*]" = "iPhone Developer";
				COPY_PHASE_STRIP = NO;
				DEBUG_INFORMATION_FORMAT = dwarf;
				ENABLE_STRICT_OBJC_MSGSEND = YES;
				ENABLE_TESTABILITY = YES;
				GCC_C_LANGUAGE_STANDARD = gnu99;
				GCC_DYNAMIC_NO_PIC = NO;
				GCC_NO_COMMON_BLOCKS = YES;
				GCC_OPTIMIZATION_LEVEL = 0;
				GCC_PREPROCESSOR_DEFINITIONS = (
					"DEBUG=1",
					"$(inherited)",
				);
				GCC_WARN_64_TO_32_BIT_CONVERSION = YES;
				GCC_WARN_ABOUT_RETURN_TYPE = YES_ERROR;
				GCC_WARN_UNDECLARED_SELECTOR = YES;
				GCC_WARN_UNINITIALIZED_AUTOS = YES_AGGRESSIVE;
				GCC_WARN_UNUSED_FUNCTION = YES;
				GCC_WARN_UNUSED_VARIABLE = YES;
				IPHONEOS_DEPLOYMENT_TARGET = 10.0;
				MTL_ENABLE_DEBUG_INFO = YES;
				ONLY_ACTIVE_ARCH = YES;
				SDKROOT = iphoneos;
				SWIFT_ACTIVE_COMPILATION_CONDITIONS = DEBUG;
				SWIFT_OPTIMIZATION_LEVEL = "-Onone";
			};
			name = Debug;
		};
		7298962A1DF7A63300D7FEB2 /* Release */ = {
			isa = XCBuildConfiguration;
			buildSettings = {
				ALWAYS_SEARCH_USER_PATHS = NO;
				CLANG_ANALYZER_NONNULL = YES;
				CLANG_CXX_LANGUAGE_STANDARD = "gnu++0x";
				CLANG_CXX_LIBRARY = "libc++";
				CLANG_ENABLE_MODULES = YES;
				CLANG_ENABLE_OBJC_ARC = YES;
				CLANG_WARN_BOOL_CONVERSION = YES;
				CLANG_WARN_CONSTANT_CONVERSION = YES;
				CLANG_WARN_DIRECT_OBJC_ISA_USAGE = YES_ERROR;
				CLANG_WARN_DOCUMENTATION_COMMENTS = YES;
				CLANG_WARN_EMPTY_BODY = YES;
				CLANG_WARN_ENUM_CONVERSION = YES;
				CLANG_WARN_INFINITE_RECURSION = YES;
				CLANG_WARN_INT_CONVERSION = YES;
				CLANG_WARN_OBJC_ROOT_CLASS = YES_ERROR;
				CLANG_WARN_SUSPICIOUS_MOVE = YES;
				CLANG_WARN_SUSPICIOUS_MOVES = YES;
				CLANG_WARN_UNREACHABLE_CODE = YES;
				CLANG_WARN__DUPLICATE_METHOD_MATCH = YES;
				"CODE_SIGN_IDENTITY[sdk=iphoneos*]" = "iPhone Developer";
				COPY_PHASE_STRIP = NO;
				DEBUG_INFORMATION_FORMAT = "dwarf-with-dsym";
				ENABLE_NS_ASSERTIONS = NO;
				ENABLE_STRICT_OBJC_MSGSEND = YES;
				GCC_C_LANGUAGE_STANDARD = gnu99;
				GCC_NO_COMMON_BLOCKS = YES;
				GCC_WARN_64_TO_32_BIT_CONVERSION = YES;
				GCC_WARN_ABOUT_RETURN_TYPE = YES_ERROR;
				GCC_WARN_UNDECLARED_SELECTOR = YES;
				GCC_WARN_UNINITIALIZED_AUTOS = YES_AGGRESSIVE;
				GCC_WARN_UNUSED_FUNCTION = YES;
				GCC_WARN_UNUSED_VARIABLE = YES;
				IPHONEOS_DEPLOYMENT_TARGET = 10.0;
				MTL_ENABLE_DEBUG_INFO = NO;
				SDKROOT = iphoneos;
				SWIFT_OPTIMIZATION_LEVEL = "-Owholemodule";
				VALIDATE_PRODUCT = YES;
			};
			name = Release;
		};
		7298962C1DF7A63300D7FEB2 /* Debug */ = {
			isa = XCBuildConfiguration;
			baseConfigurationReference = 96F642FF3DE59CAE9EEC715B /* Pods-DYZB_ZW.debug.xcconfig */;
			buildSettings = {
				ASSETCATALOG_COMPILER_APPICON_NAME = AppIcon;
				ASSETCATALOG_COMPILER_LAUNCHIMAGE_NAME = LaunchImage;
				DEVELOPMENT_TEAM = KVL9QB8ZBZ;
				INFOPLIST_FILE = DYZB_ZW/Info.plist;
				IPHONEOS_DEPLOYMENT_TARGET = 9.0;
				LD_RUNPATH_SEARCH_PATHS = "$(inherited) @executable_path/Frameworks";
				PRODUCT_BUNDLE_IDENTIFIER = "jyall.DYZB-ZW";
				PRODUCT_NAME = "$(TARGET_NAME)";
				SWIFT_VERSION = 3.0;
			};
			name = Debug;
		};
		7298962D1DF7A63300D7FEB2 /* Release */ = {
			isa = XCBuildConfiguration;
			baseConfigurationReference = E6B5D22EC8CB4E98296E4E45 /* Pods-DYZB_ZW.release.xcconfig */;
			buildSettings = {
				ASSETCATALOG_COMPILER_APPICON_NAME = AppIcon;
				ASSETCATALOG_COMPILER_LAUNCHIMAGE_NAME = LaunchImage;
				DEVELOPMENT_TEAM = KVL9QB8ZBZ;
				INFOPLIST_FILE = DYZB_ZW/Info.plist;
				IPHONEOS_DEPLOYMENT_TARGET = 9.0;
				LD_RUNPATH_SEARCH_PATHS = "$(inherited) @executable_path/Frameworks";
				PRODUCT_BUNDLE_IDENTIFIER = "jyall.DYZB-ZW";
				PRODUCT_NAME = "$(TARGET_NAME)";
				SWIFT_VERSION = 3.0;
			};
			name = Release;
		};
/* End XCBuildConfiguration section */

/* Begin XCConfigurationList section */
		729896141DF7A63300D7FEB2 /* Build configuration list for PBXProject "DYZB_ZW" */ = {
			isa = XCConfigurationList;
			buildConfigurations = (
				729896291DF7A63300D7FEB2 /* Debug */,
				7298962A1DF7A63300D7FEB2 /* Release */,
			);
			defaultConfigurationIsVisible = 0;
			defaultConfigurationName = Release;
		};
		7298962B1DF7A63300D7FEB2 /* Build configuration list for PBXNativeTarget "DYZB_ZW" */ = {
			isa = XCConfigurationList;
			buildConfigurations = (
				7298962C1DF7A63300D7FEB2 /* Debug */,
				7298962D1DF7A63300D7FEB2 /* Release */,
			);
			defaultConfigurationIsVisible = 0;
			defaultConfigurationName = Release;
		};
/* End XCConfigurationList section */
	};
	rootObject = 729896111DF7A63300D7FEB2 /* Project object */;
}
